
Microsoft Visual Studio Solution File, Format Version 12.00
# Visual Studio Version 17
VisualStudioVersion = 17.6.33815.320
MinimumVisualStudioVersion = 10.0.40219.1
Project("{FAE04EC0-301F-11D3-BF4B-00C04F79EFBC}") = "BookStoreMVC", "BookStoreMVC\BookStoreMVC.csproj", "{56983077-CE30-4514-B9B1-0B7859BB1325}"
EndProject
Global
	GlobalSection(SolutionConfigurationPlatforms) = preSolution
		Debug|Any CPU = Debug|Any CPU
		Release|Any CPU = Release|Any CPU
	EndGlobalSection
	GlobalSection(ProjectConfigurationPlatforms) = postSolution
		{56983077-CE30-4514-B9B1-0B7859BB1325}.Debug|Any CPU.ActiveCfg = Debug|Any CPU
		{56983077-CE30-4514-B9B1-0B7859BB1325}.Debug|Any CPU.Build.0 = Debug|Any CPU
		{56983077-CE30-4514-B9B1-0B7859BB1325}.Release|Any CPU.ActiveCfg = Release|Any CPU
		{56983077-CE30-4514-B9B1-0B7859BB1325}.Release|Any CPU.Build.0 = Release|Any CPU
	EndGlobalSection
	GlobalSection(SolutionProperties) = preSolution
		HideSolutionNode = FALSE
	EndGlobalSection
	GlobalSection(ExtensibilityGlobals) = postSolution
		SolutionGuid = {AF122C77-395A-4F32-BB5E-3621BF536C15}
	EndGlobalSection
EndGlobal
